
Microsoft Visual Studio Solution File, Format Version 12.00
# Visual Studio Version 16
VisualStudioVersion = 16.0.31321.278
MinimumVisualStudioVersion = 10.0.40219.1
Project("{FAE04EC0-301F-11D3-BF4B-00C04F79EFBC}") = "OutlookObjectives", "OutlookObjectives\OutlookObjectives.csproj", "{0398AA00-228F-4F4C-9FA8-E98338FD2D5E}"
	ProjectSection(ProjectDependencies) = postProject
		{810F481E-81B5-4001-B81F-A86445928D5E} = {810F481E-81B5-4001-B81F-A86445928D5E}
	EndProjectSection
EndProject
Project("{FAE04EC0-301F-11D3-BF4B-00C04F79EFBC}") = "CommonObjectives", "CommonObjectives\CommonObjectives.csproj", "{810F481E-81B5-4001-B81F-A86445928D5E}"
EndProject
Project("{FAE04EC0-301F-11D3-BF4B-00C04F79EFBC}") = "AutoCADObjectives", "AutoCADObjectives\AutoCADObjectives.csproj", "{47A34847-BA5E-41DE-A35A-D9004BC6D2F8}"
	ProjectSection(ProjectDependencies) = postProject
		{810F481E-81B5-4001-B81F-A86445928D5E} = {810F481E-81B5-4001-B81F-A86445928D5E}
	EndProjectSection
EndProject
Project("{FAE04EC0-301F-11D3-BF4B-00C04F79EFBC}") = "ExcelObjectives", "ExcelObjectives\ExcelObjectives.csproj", "{3EFA3667-A8C6-45A9-8387-35A68FAD381C}"
	ProjectSection(ProjectDependencies) = postProject
		{810F481E-81B5-4001-B81F-A86445928D5E} = {810F481E-81B5-4001-B81F-A86445928D5E}
	EndProjectSection
EndProject
Project("{FAE04EC0-301F-11D3-BF4B-00C04F79EFBC}") = "ProjectObjectives", "ProjectObjectives\ProjectObjectives.csproj", "{6BA998B4-B129-4667-9C57-BA3E58F4650F}"
	ProjectSection(ProjectDependencies) = postProject
		{810F481E-81B5-4001-B81F-A86445928D5E} = {810F481E-81B5-4001-B81F-A86445928D5E}
	EndProjectSection
EndProject
Project("{FAE04EC0-301F-11D3-BF4B-00C04F79EFBC}") = "VisioObjectives", "VisioObjectives\VisioObjectives.csproj", "{4510232F-89EB-4330-B131-A894C0AD8930}"
	ProjectSection(ProjectDependencies) = postProject
		{810F481E-81B5-4001-B81F-A86445928D5E} = {810F481E-81B5-4001-B81F-A86445928D5E}
	EndProjectSection
EndProject
Project("{FAE04EC0-301F-11D3-BF4B-00C04F79EFBC}") = "WindowsObjectives", "WindowsObjectives\WindowsObjectives.csproj", "{5D71DD42-137D-45F3-A062-FEC75D18C7FA}"
	ProjectSection(ProjectDependencies) = postProject
		{810F481E-81B5-4001-B81F-A86445928D5E} = {810F481E-81B5-4001-B81F-A86445928D5E}
	EndProjectSection
EndProject
Project("{FAE04EC0-301F-11D3-BF4B-00C04F79EFBC}") = "WordObjectives", "WordObjectives\WordObjectives.csproj", "{219588A6-942D-4EA7-AA41-3C622E693736}"
	ProjectSection(ProjectDependencies) = postProject
		{810F481E-81B5-4001-B81F-A86445928D5E} = {810F481E-81B5-4001-B81F-A86445928D5E}
	EndProjectSection
EndProject
Global
	GlobalSection(SolutionConfigurationPlatforms) = preSolution
		Debug|Any CPU = Debug|Any CPU
		Release|Any CPU = Release|Any CPU
	EndGlobalSection
	GlobalSection(ProjectConfigurationPlatforms) = postSolution
		{0398AA00-228F-4F4C-9FA8-E98338FD2D5E}.Debug|Any CPU.ActiveCfg = Debug|Any CPU
		{0398AA00-228F-4F4C-9FA8-E98338FD2D5E}.Debug|Any CPU.Build.0 = Debug|Any CPU
		{0398AA00-228F-4F4C-9FA8-E98338FD2D5E}.Release|Any CPU.ActiveCfg = Release|Any CPU
		{0398AA00-228F-4F4C-9FA8-E98338FD2D5E}.Release|Any CPU.Build.0 = Release|Any CPU
		{810F481E-81B5-4001-B81F-A86445928D5E}.Debug|Any CPU.ActiveCfg = Debug|Any CPU
		{810F481E-81B5-4001-B81F-A86445928D5E}.Debug|Any CPU.Build.0 = Debug|Any CPU
		{810F481E-81B5-4001-B81F-A86445928D5E}.Release|Any CPU.ActiveCfg = Release|Any CPU
		{810F481E-81B5-4001-B81F-A86445928D5E}.Release|Any CPU.Build.0 = Release|Any CPU
		{47A34847-BA5E-41DE-A35A-D9004BC6D2F8}.Debug|Any CPU.ActiveCfg = Debug|Any CPU
		{47A34847-BA5E-41DE-A35A-D9004BC6D2F8}.Debug|Any CPU.Build.0 = Debug|Any CPU
		{47A34847-BA5E-41DE-A35A-D9004BC6D2F8}.Release|Any CPU.ActiveCfg = Release|Any CPU
		{47A34847-BA5E-41DE-A35A-D9004BC6D2F8}.Release|Any CPU.Build.0 = Release|Any CPU
		{3EFA3667-A8C6-45A9-8387-35A68FAD381C}.Debug|Any CPU.ActiveCfg = Debug|Any CPU
		{3EFA3667-A8C6-45A9-8387-35A68FAD381C}.Debug|Any CPU.Build.0 = Debug|Any CPU
		{3EFA3667-A8C6-45A9-8387-35A68FAD381C}.Release|Any CPU.ActiveCfg = Release|Any CPU
		{3EFA3667-A8C6-45A9-8387-35A68FAD381C}.Release|Any CPU.Build.0 = Release|Any CPU
		{6BA998B4-B129-4667-9C57-BA3E58F4650F}.Debug|Any CPU.ActiveCfg = Debug|Any CPU
		{6BA998B4-B129-4667-9C57-BA3E58F4650F}.Debug|Any CPU.Build.0 = Debug|Any CPU
		{6BA998B4-B129-4667-9C57-BA3E58F4650F}.Release|Any CPU.ActiveCfg = Release|Any CPU
		{6BA998B4-B129-4667-9C57-BA3E58F4650F}.Release|Any CPU.Build.0 = Release|Any CPU
		{4510232F-89EB-4330-B131-A894C0AD8930}.Debug|Any CPU.ActiveCfg = Debug|Any CPU
		{4510232F-89EB-4330-B131-A894C0AD8930}.Debug|Any CPU.Build.0 = Debug|Any CPU
		{4510232F-89EB-4330-B131-A894C0AD8930}.Release|Any CPU.ActiveCfg = Release|Any CPU
		{4510232F-89EB-4330-B131-A894C0AD8930}.Release|Any CPU.Build.0 = Release|Any CPU
		{5D71DD42-137D-45F3-A062-FEC75D18C7FA}.Debug|Any CPU.ActiveCfg = Debug|Any CPU
		{5D71DD42-137D-45F3-A062-FEC75D18C7FA}.Debug|Any CPU.Build.0 = Debug|Any CPU
		{5D71DD42-137D-45F3-A062-FEC75D18C7FA}.Release|Any CPU.ActiveCfg = Release|Any CPU
		{5D71DD42-137D-45F3-A062-FEC75D18C7FA}.Release|Any CPU.Build.0 = Release|Any CPU
		{219588A6-942D-4EA7-AA41-3C622E693736}.Debug|Any CPU.ActiveCfg = Debug|Any CPU
		{219588A6-942D-4EA7-AA41-3C622E693736}.Debug|Any CPU.Build.0 = Debug|Any CPU
		{219588A6-942D-4EA7-AA41-3C622E693736}.Release|Any CPU.ActiveCfg = Release|Any CPU
		{219588A6-942D-4EA7-AA41-3C622E693736}.Release|Any CPU.Build.0 = Release|Any CPU
	EndGlobalSection
	GlobalSection(SolutionProperties) = preSolution
		HideSolutionNode = FALSE
	EndGlobalSection
	GlobalSection(ExtensibilityGlobals) = postSolution
		SolutionGuid = {964EC27E-B206-467F-B8C7-013575DF4602}
	EndGlobalSection
EndGlobal
